// !$*UTF8*$!
{
	archiveVersion = 1;
	classes = {
	};
	objectVersion = 46;
	objects = {

/* Begin PBXBuildFile section */
		62BFDF801A18474D007FFA03 /* main.m in Sources */ = {isa = PBXBuildFile; fileRef = 62BFDF7F1A18474D007FFA03 /* main.m */; };
		62BFDF831A18474D007FFA03 /* AppDelegate.m in Sources */ = {isa = PBXBuildFile; fileRef = 62BFDF821A18474D007FFA03 /* AppDelegate.m */; };
		62BFDF861A18474D007FFA03 /* ViewController.m in Sources */ = {isa = PBXBuildFile; fileRef = 62BFDF851A18474D007FFA03 /* ViewController.m */; };
		62BFDF891A18474D007FFA03 /* Main.storyboard in Resources */ = {isa = PBXBuildFile; fileRef = 62BFDF871A18474D007FFA03 /* Main.storyboard */; };
		62BFDF8B1A18474D007FFA03 /* Images.xcassets in Resources */ = {isa = PBXBuildFile; fileRef = 62BFDF8A1A18474D007FFA03 /* Images.xcassets */; };
		62BFDF8E1A18474D007FFA03 /* LaunchScreen.xib in Resources */ = {isa = PBXBuildFile; fileRef = 62BFDF8C1A18474D007FFA03 /* LaunchScreen.xib */; };
		62BFDF9A1A18474D007FFA03 /* LFBarChartViewTests.m in Sources */ = {isa = PBXBuildFile; fileRef = 62BFDF991A18474D007FFA03 /* LFBarChartViewTests.m */; };
		62BFDFA51A184887007FFA03 /* LFBarChartView.m in Sources */ = {isa = PBXBuildFile; fileRef = 62BFDFA41A184887007FFA03 /* LFBarChartView.m */; };
		62BFDFAE1A18818D007FFA03 /* LFBarChartOne.m in Sources */ = {isa = PBXBuildFile; fileRef = 62BFDFAD1A18818D007FFA03 /* LFBarChartOne.m */; };
		62BFDFB11A188215007FFA03 /* UIView+NJ.m in Sources */ = {isa = PBXBuildFile; fileRef = 62BFDFB01A188215007FFA03 /* UIView+NJ.m */; };
/* End PBXBuildFile section */

/* Begin PBXContainerItemProxy section */
		62BFDF941A18474D007FFA03 /* PBXContainerItemProxy */ = {
			isa = PBXContainerItemProxy;
			containerPortal = 62BFDF721A18474D007FFA03 /* Project object */;
			proxyType = 1;
			remoteGlobalIDString = 62BFDF791A18474D007FFA03;
			remoteInfo = LFBarChartView;
		};
/* End PBXContainerItemProxy section */

/* Begin PBXFileReference section */
		62BFDF7A1A18474D007FFA03 /* LFBarChartView.app */ = {isa = PBXFileReference; explicitFileType = wrapper.application; includeInIndex = 0; path = LFBarChartView.app; sourceTree = BUILT_PRODUCTS_DIR; };
		62BFDF7E1A18474D007FFA03 /* Info.plist */ = {isa = PBXFileReference; lastKnownFileType = text.plist.xml; path = Info.plist; sourceTree = "<group>"; };
		62BFDF7F1A18474D007FFA03 /* main.m */ = {isa = PBXFileReference; lastKnownFileType = sourcecode.c.objc; path = main.m; sourceTree = "<group>"; };
		62BFDF811A18474D007FFA03 /* AppDelegate.h */ = {isa = PBXFileReference; lastKnownFileType = sourcecode.c.h; path = AppDelegate.h; sourceTree = "<group>"; };
		62BFDF821A18474D007FFA03 /* AppDelegate.m */ = {isa = PBXFileReference; lastKnownFileType = sourcecode.c.objc; path = AppDelegate.m; sourceTree = "<group>"; };
		62BFDF841A18474D007FFA03 /* ViewController.h */ = {isa = PBXFileReference; lastKnownFileType = sourcecode.c.h; path = ViewController.h; sourceTree = "<group>"; };
		62BFDF851A18474D007FFA03 /* ViewController.m */ = {isa = PBXFileReference; lastKnownFileType = sourcecode.c.objc; path = ViewController.m; sourceTree = "<group>"; };
		62BFDF881A18474D007FFA03 /* Base */ = {isa = PBXFileReference; lastKnownFileType = file.storyboard; name = Base; path = Base.lproj/Main.storyboard; sourceTree = "<group>"; };
		62BFDF8A1A18474D007FFA03 /* Images.xcassets */ = {isa = PBXFileReference; lastKnownFileType = folder.assetcatalog; path = Images.xcassets; sourceTree = "<group>"; };
		62BFDF8D1A18474D007FFA03 /* Base */ = {isa = PBXFileReference; lastKnownFileType = file.xib; name = Base; path = Base.lproj/LaunchScreen.xib; sourceTree = "<group>"; };
		62BFDF931A18474D007FFA03 /* LFBarChartViewTests.xctest */ = {isa = PBXFileReference; explicitFileType = wrapper.cfbundle; includeInIndex = 0; path = LFBarChartViewTests.xctest; sourceTree = BUILT_PRODUCTS_DIR; };
		62BFDF981A18474D007FFA03 /* Info.plist */ = {isa = PBXFileReference; lastKnownFileType = text.plist.xml; path = Info.plist; sourceTree = "<group>"; };
		62BFDF991A18474D007FFA03 /* LFBarChartViewTests.m */ = {isa = PBXFileReference; lastKnownFileType = sourcecode.c.objc; path = LFBarChartViewTests.m; sourceTree = "<group>"; };
		62BFDFA31A184887007FFA03 /* LFBarChartView.h */ = {isa = PBXFileReference; fileEncoding = 4; lastKnownFileType = sourcecode.c.h; path = LFBarChartView.h; sourceTree = "<group>"; };
		62BFDFA41A184887007FFA03 /* LFBarChartView.m */ = {isa = PBXFileReference; fileEncoding = 4; lastKnownFileType = sourcecode.c.objc; path = LFBarChartView.m; sourceTree = "<group>"; };
		62BFDFAC1A18818D007FFA03 /* LFBarChartOne.h */ = {isa = PBXFileReference; fileEncoding = 4; lastKnownFileType = sourcecode.c.h; path = LFBarChartOne.h; sourceTree = "<group>"; };
		62BFDFAD1A18818D007FFA03 /* LFBarChartOne.m */ = {isa = PBXFileReference; fileEncoding = 4; lastKnownFileType = sourcecode.c.objc; path = LFBarChartOne.m; sourceTree = "<group>"; };
		62BFDFAF1A188215007FFA03 /* UIView+NJ.h */ = {isa = PBXFileReference; fileEncoding = 4; lastKnownFileType = sourcecode.c.h; path = "UIView+NJ.h"; sourceTree = "<group>"; };
		62BFDFB01A188215007FFA03 /* UIView+NJ.m */ = {isa = PBXFileReference; fileEncoding = 4; lastKnownFileType = sourcecode.c.objc; path = "UIView+NJ.m"; sourceTree = "<group>"; };
/* End PBXFileReference section */

/* Begin PBXFrameworksBuildPhase section */
		62BFDF771A18474D007FFA03 /* Frameworks */ = {
			isa = PBXFrameworksBuildPhase;
			buildActionMask = 2147483647;
			files = (
			);
			runOnlyForDeploymentPostprocessing = 0;
		};
		62BFDF901A18474D007FFA03 /* Frameworks */ = {
			isa = PBXFrameworksBuildPhase;
			buildActionMask = 2147483647;
			files = (
			);
			runOnlyForDeploymentPostprocessing = 0;
		};
/* End PBXFrameworksBuildPhase section */

/* Begin PBXGroup section */
		62BFDF711A18474D007FFA03 = {
			isa = PBXGroup;
			children = (
				62BFDF7C1A18474D007FFA03 /* LFBarChartView */,
				62BFDF961A18474D007FFA03 /* LFBarChartViewTests */,
				62BFDF7B1A18474D007FFA03 /* Products */,
			);
			sourceTree = "<group>";
		};
		62BFDF7B1A18474D007FFA03 /* Products */ = {
			isa = PBXGroup;
			children = (
				62BFDF7A1A18474D007FFA03 /* LFBarChartView.app */,
				62BFDF931A18474D007FFA03 /* LFBarChartViewTests.xctest */,
			);
			name = Products;
			sourceTree = "<group>";
		};
		62BFDF7C1A18474D007FFA03 /* LFBarChartView */ = {
			isa = PBXGroup;
			children = (
				62BFDF811A18474D007FFA03 /* AppDelegate.h */,
				62BFDF821A18474D007FFA03 /* AppDelegate.m */,
				62BFDF841A18474D007FFA03 /* ViewController.h */,
				62BFDF851A18474D007FFA03 /* ViewController.m */,
				62BFDFA31A184887007FFA03 /* LFBarChartView.h */,
				62BFDFA41A184887007FFA03 /* LFBarChartView.m */,
				62BFDFAC1A18818D007FFA03 /* LFBarChartOne.h */,
				62BFDFAD1A18818D007FFA03 /* LFBarChartOne.m */,
				62BFDFAF1A188215007FFA03 /* UIView+NJ.h */,
				62BFDFB01A188215007FFA03 /* UIView+NJ.m */,
				62BFDF871A18474D007FFA03 /* Main.storyboard */,
				62BFDF8A1A18474D007FFA03 /* Images.xcassets */,
				62BFDF8C1A18474D007FFA03 /* LaunchScreen.xib */,
				62BFDF7D1A18474D007FFA03 /* Supporting Files */,
			);
			path = LFBarChartView;
			sourceTree = "<group>";
		};
		62BFDF7D1A18474D007FFA03 /* Supporting Files */ = {
			isa = PBXGroup;
			children = (
				62BFDF7E1A18474D007FFA03 /* Info.plist */,
				62BFDF7F1A18474D007FFA03 /* main.m */,
			);
			name = "Supporting Files";
			sourceTree = "<group>";
		};
		62BFDF961A18474D007FFA03 /* LFBarChartViewTests */ = {
			isa = PBXGroup;
			children = (
				62BFDF991A18474D007FFA03 /* LFBarChartViewTests.m */,
				62BFDF971A18474D007FFA03 /* Supporting Files */,
			);
			path = LFBarChartViewTests;
			sourceTree = "<group>";
		};
		62BFDF971A18474D007FFA03 /* Supporting Files */ = {
			isa = PBXGroup;
			children = (
				62BFDF981A18474D007FFA03 /* Info.plist */,
			);
			name = "Supporting Files";
			sourceTree = "<group>";
		};
/* End PBXGroup section */

/* Begin PBXNativeTarget section */
		62BFDF791A18474D007FFA03 /* LFBarChartView */ = {
			isa = PBXNativeTarget;
			buildConfigurationList = 62BFDF9D1A18474D007FFA03 /* Build configuration list for PBXNativeTarget "LFBarChartView" */;
			buildPhases = (
				62BFDF761A18474D007FFA03 /* Sources */,
				62BFDF771A18474D007FFA03 /* Frameworks */,
				62BFDF781A18474D007FFA03 /* Resources */,
			);
			buildRules = (
			);
			dependencies = (
			);
			name = LFBarChartView;
			productName = LFBarChartView;
			productReference = 62BFDF7A1A18474D007FFA03 /* LFBarChartView.app */;
			productType = "com.apple.product-type.application";
		};
		62BFDF921A18474D007FFA03 /* LFBarChartViewTests */ = {
			isa = PBXNativeTarget;
			buildConfigurationList = 62BFDFA01A18474D007FFA03 /* Build configuration list for PBXNativeTarget "LFBarChartViewTests" */;
			buildPhases = (
				62BFDF8F1A18474D007FFA03 /* Sources */,
				62BFDF901A18474D007FFA03 /* Frameworks */,
				62BFDF911A18474D007FFA03 /* Resources */,
			);
			buildRules = (
			);
			dependencies = (
				62BFDF951A18474D007FFA03 /* PBXTargetDependency */,
			);
			name = LFBarChartViewTests;
			productName = LFBarChartViewTests;
			productReference = 62BFDF931A18474D007FFA03 /* LFBarChartViewTests.xctest */;
			productType = "com.apple.product-type.bundle.unit-test";
		};
/* End PBXNativeTarget section */

/* Begin PBXProject section */
		62BFDF721A18474D007FFA03 /* Project object */ = {
			isa = PBXProject;
			attributes = {
				LastUpgradeCheck = 0610;
				ORGANIZATIONNAME = prudent;
				TargetAttributes = {
					62BFDF791A18474D007FFA03 = {
						CreatedOnToolsVersion = 6.1;
					};
					62BFDF921A18474D007FFA03 = {
						CreatedOnToolsVersion = 6.1;
						TestTargetID = 62BFDF791A18474D007FFA03;
					};
				};
			};
			buildConfigurationList = 62BFDF751A18474D007FFA03 /* Build configuration list for PBXProject "LFBarChartView" */;
			compatibilityVersion = "Xcode 3.2";
			developmentRegion = English;
			hasScannedForEncodings = 0;
			knownRegions = (
				en,
				Base,
			);
			mainGroup = 62BFDF711A18474D007FFA03;
			productRefGroup = 62BFDF7B1A18474D007FFA03 /* Products */;
			projectDirPath = "";
			projectRoot = "";
			targets = (
				62BFDF791A18474D007FFA03 /* LFBarChartView */,
				62BFDF921A18474D007FFA03 /* LFBarChartViewTests */,
			);
		};
/* End PBXProject section */

/* Begin PBXResourcesBuildPhase section */
		62BFDF781A18474D007FFA03 /* Resources */ = {
			isa = PBXResourcesBuildPhase;
			buildActionMask = 2147483647;
			files = (
				62BFDF891A18474D007FFA03 /* Main.storyboard in Resources */,
				62BFDF8E1A18474D007FFA03 /* LaunchScreen.xib in Resources */,
				62BFDF8B1A18474D007FFA03 /* Images.xcassets in Resources */,
			);
			runOnlyForDeploymentPostprocessing = 0;
		};
		62BFDF911A18474D007FFA03 /* Resources */ = {
			isa = PBXResourcesBuildPhase;
			buildActionMask = 2147483647;
			files = (
			);
			runOnlyForDeploymentPostprocessing = 0;
		};
/* End PBXResourcesBuildPhase section */

/* Begin PBXSourcesBuildPhase section */
		62BFDF761A18474D007FFA03 /* Sources */ = {
			isa = PBXSourcesBuildPhase;
			buildActionMask = 2147483647;
			files = (
				62BFDFAE1A18818D007FFA03 /* LFBarChartOne.m in Sources */,
				62BFDF861A18474D007FFA03 /* ViewController.m in Sources */,
				62BFDF831A18474D007FFA03 /* AppDelegate.m in Sources */,
				62BFDF801A18474D007FFA03 /* main.m in Sources */,
				62BFDFA51A184887007FFA03 /* LFBarChartView.m in Sources */,
				62BFDFB11A188215007FFA03 /* UIView+NJ.m in Sources */,
			);
			runOnlyForDeploymentPostprocessing = 0;
		};
		62BFDF8F1A18474D007FFA03 /* Sources */ = {
			isa = PBXSourcesBuildPhase;
			buildActionMask = 2147483647;
			files = (
				62BFDF9A1A18474D007FFA03 /* LFBarChartViewTests.m in Sources */,
			);
			runOnlyForDeploymentPostprocessing = 0;
		};
/* End PBXSourcesBuildPhase section */

/* Begin PBXTargetDependency section */
		62BFDF951A18474D007FFA03 /* PBXTargetDependency */ = {
			isa = PBXTargetDependency;
			target = 62BFDF791A18474D007FFA03 /* LFBarChartView */;
			targetProxy = 62BFDF941A18474D007FFA03 /* PBXContainerItemProxy */;
		};
/* End PBXTargetDependency section */

/* Begin PBXVariantGroup section */
		62BFDF871A18474D007FFA03 /* Main.storyboard */ = {
			isa = PBXVariantGroup;
			children = (
				62BFDF881A18474D007FFA03 /* Base */,
			);
			name = Main.storyboard;
			sourceTree = "<group>";
		};
		62BFDF8C1A18474D007FFA03 /* LaunchScreen.xib */ = {
			isa = PBXVariantGroup;
			children = (
				62BFDF8D1A18474D007FFA03 /* Base */,
			);
			name = LaunchScreen.xib;
			sourceTree = "<group>";
		};
/* End PBXVariantGroup section */

/* Begin XCBuildConfiguration section */
		62BFDF9B1A18474D007FFA03 /* Debug */ = {
			isa = XCBuildConfiguration;
			buildSettings = {
				ALWAYS_SEARCH_USER_PATHS = NO;
				CLANG_CXX_LANGUAGE_STANDARD = "gnu++0x";
				CLANG_CXX_LIBRARY = "libc++";
				CLANG_ENABLE_MODULES = YES;
				CLANG_ENABLE_OBJC_ARC = YES;
				CLANG_WARN_BOOL_CONVERSION = YES;
				CLANG_WARN_CONSTANT_CONVERSION = YES;
				CLANG_WARN_DIRECT_OBJC_ISA_USAGE = YES_ERROR;
				CLANG_WARN_EMPTY_BODY = YES;
				CLANG_WARN_ENUM_CONVERSION = YES;
				CLANG_WARN_INT_CONVERSION = YES;
				CLANG_WARN_OBJC_ROOT_CLASS = YES_ERROR;
				CLANG_WARN_UNREACHABLE_CODE = YES;
				CLANG_WARN__DUPLICATE_METHOD_MATCH = YES;
				"CODE_SIGN_IDENTITY[sdk=iphoneos*]" = "iPhone Developer";
				COPY_PHASE_STRIP = NO;
				ENABLE_STRICT_OBJC_MSGSEND = YES;
				GCC_C_LANGUAGE_STANDARD = gnu99;
				GCC_DYNAMIC_NO_PIC = NO;
				GCC_OPTIMIZATION_LEVEL = 0;
				GCC_PREPROCESSOR_DEFINITIONS = (
					"DEBUG=1",
					"$(inherited)",
				);
				GCC_SYMBOLS_PRIVATE_EXTERN = NO;
				GCC_WARN_64_TO_32_BIT_CONVERSION = YES;
				GCC_WARN_ABOUT_RETURN_TYPE = YES_ERROR;
				GCC_WARN_UNDECLARED_SELECTOR = YES;
				GCC_WARN_UNINITIALIZED_AUTOS = YES_AGGRESSIVE;
				GCC_WARN_UNUSED_FUNCTION = YES;
				GCC_WARN_UNUSED_VARIABLE = YES;
				IPHONEOS_DEPLOYMENT_TARGET = 8.1;
				MTL_ENABLE_DEBUG_INFO = YES;
				ONLY_ACTIVE_ARCH = YES;
				SDKROOT = iphoneos;
				TARGETED_DEVICE_FAMILY = 2;
			};
			name = Debug;
		};
		62BFDF9C1A18474D007FFA03 /* Release */ = {
			isa = XCBuildConfiguration;
			buildSettings = {
				ALWAYS_SEARCH_USER_PATHS = NO;
				CLANG_CXX_LANGUAGE_STANDARD = "gnu++0x";
				CLANG_CXX_LIBRARY = "libc++";
				CLANG_ENABLE_MODULES = YES;
				CLANG_ENABLE_OBJC_ARC = YES;
				CLANG_WARN_BOOL_CONVERSION = YES;
				CLANG_WARN_CONSTANT_CONVERSION = YES;
				CLANG_WARN_DIRECT_OBJC_ISA_USAGE = YES_ERROR;
				CLANG_WARN_EMPTY_BODY = YES;
				CLANG_WARN_ENUM_CONVERSION = YES;
				CLANG_WARN_INT_CONVERSION = YES;
				CLANG_WARN_OBJC_ROOT_CLASS = YES_ERROR;
				CLANG_WARN_UNREACHABLE_CODE = YES;
				CLANG_WARN__DUPLICATE_METHOD_MATCH = YES;
				"CODE_SIGN_IDENTITY[sdk=iphoneos*]" = "iPhone Developer";
				COPY_PHASE_STRIP = YES;
				ENABLE_NS_ASSERTIONS = NO;
				ENABLE_STRICT_OBJC_MSGSEND = YES;
				GCC_C_LANGUAGE_STANDARD = gnu99;
				GCC_WARN_64_TO_32_BIT_CONVERSION = YES;
				GCC_WARN_ABOUT_RETURN_TYPE = YES_ERROR;
				GCC_WARN_UNDECLARED_SELECTOR = YES;
				GCC_WARN_UNINITIALIZED_AUTOS = YES_AGGRESSIVE;
				GCC_WARN_UNUSED_FUNCTION = YES;
				GCC_WARN_UNUSED_VARIABLE = YES;
				IPHONEOS_DEPLOYMENT_TARGET = 8.1;
				MTL_ENABLE_DEBUG_INFO = NO;
				SDKROOT = iphoneos;
				TARGETED_DEVICE_FAMILY = 2;
				VALIDATE_PRODUCT = YES;
			};
			name = Release;
		};
		62BFDF9E1A18474D007FFA03 /* Debug */ = {
			isa = XCBuildConfiguration;
			buildSettings = {
				ASSETCATALOG_COMPILER_APPICON_NAME = AppIcon;
				INFOPLIST_FILE = LFBarChartView/Info.plist;
				LD_RUNPATH_SEARCH_PATHS = "$(inherited) @executable_path/Frameworks";
				PRODUCT_NAME = "$(TARGET_NAME)";
			};
			name = Debug;
		};
		62BFDF9F1A18474D007FFA03 /* Release */ = {
			isa = XCBuildConfiguration;
			buildSettings = {
				ASSETCATALOG_COMPILER_APPICON_NAME = AppIcon;
				INFOPLIST_FILE = LFBarChartView/Info.plist;
				LD_RUNPATH_SEARCH_PATHS = "$(inherited) @executable_path/Frameworks";
				PRODUCT_NAME = "$(TARGET_NAME)";
			};
			name = Release;
		};
		62BFDFA11A18474D007FFA03 /* Debug */ = {
			isa = XCBuildConfiguration;
			buildSettings = {
				BUNDLE_LOADER = "$(TEST_HOST)";
				FRAMEWORK_SEARCH_PATHS = (
					"$(SDKROOT)/Developer/Library/Frameworks",
					"$(inherited)",
				);
				GCC_PREPROCESSOR_DEFINITIONS = (
					"DEBUG=1",
					"$(inherited)",
				);
				INFOPLIST_FILE = LFBarChartViewTests/Info.plist;
				LD_RUNPATH_SEARCH_PATHS = "$(inherited) @executable_path/Frameworks @loader_path/Frameworks";
				PRODUCT_NAME = "$(TARGET_NAME)";
				TEST_HOST = "$(BUILT_PRODUCTS_DIR)/LFBarChartView.app/LFBarChartView";
			};
			name = Debug;
		};
		62BFDFA21A18474D007FFA03 /* Release */ = {
			isa = XCBuildConfiguration;
			buildSettings = {
				BUNDLE_LOADER = "$(TEST_HOST)";
				FRAMEWORK_SEARCH_PATHS = (
					"$(SDKROOT)/Developer/Library/Frameworks",
					"$(inherited)",
				);
				INFOPLIST_FILE = LFBarChartViewTests/Info.plist;
				LD_RUNPATH_SEARCH_PATHS = "$(inherited) @executable_path/Frameworks @loader_path/Frameworks";
				PRODUCT_NAME = "$(TARGET_NAME)";
				TEST_HOST = "$(BUILT_PRODUCTS_DIR)/LFBarChartView.app/LFBarChartView";
			};
			name = Release;
		};
/* End XCBuildConfiguration section */

/* Begin XCConfigurationList section */
		62BFDF751A18474D007FFA03 /* Build configuration list for PBXProject "LFBarChartView" */ = {
			isa = XCConfigurationList;
			buildConfigurations = (
				62BFDF9B1A18474D007FFA03 /* Debug */,
				62BFDF9C1A18474D007FFA03 /* Release */,
			);
			defaultConfigurationIsVisible = 0;
			defaultConfigurationName = Release;
		};
		62BFDF9D1A18474D007FFA03 /* Build configuration list for PBXNativeTarget "LFBarChartView" */ = {
			isa = XCConfigurationList;
			buildConfigurations = (
				62BFDF9E1A18474D007FFA03 /* Debug */,
				62BFDF9F1A18474D007FFA03 /* Release */,
			);
			defaultConfigurationIsVisible = 0;
			defaultConfigurationName = Release;
		};
		62BFDFA01A18474D007FFA03 /* Build configuration list for PBXNativeTarget "LFBarChartViewTests" */ = {
			isa = XCConfigurationList;
			buildConfigurations = (
				62BFDFA11A18474D007FFA03 /* Debug */,
				62BFDFA21A18474D007FFA03 /* Release */,
			);
			defaultConfigurationIsVisible = 0;
			defaultConfigurationName = Release;
		};
/* End XCConfigurationList section */
	};
	rootObject = 62BFDF721A18474D007FFA03 /* Project object */;
}
